
Microsoft Visual Studio Solution File, Format Version 12.00
# Visual Studio Version 17
VisualStudioVersion = 17.4.33213.308
MinimumVisualStudioVersion = 10.0.40219.1
Project("{9A19103F-16F7-4668-BE54-9A1E7A4F7556}") = "BetterMinionRoulette", "BetterMinionRoulette\BetterMinionRoulette.csproj", "{13C812E9-0D42-4B95-8646-40EEBF30636F}"
EndProject
Project("{9A19103F-16F7-4668-BE54-9A1E7A4F7556}") = "FFXIVClientStructs", "lib\FFXIVClientStructs\FFXIVClientStructs\FFXIVClientStructs.csproj", "{28D96A4B-32BF-47A8-8FA2-00982009AB4A}"
EndProject
Project("{9A19103F-16F7-4668-BE54-9A1E7A4F7556}") = "FFXIVClientStructs.InteropSourceGenerators", "lib\FFXIVClientStructs\FFXIVClientStructs.InteropSourceGenerators\FFXIVClientStructs.InteropSourceGenerators.csproj", "{CF88C824-C1FD-41F8-AF70-1CB499167F85}"
EndProject
Global
	GlobalSection(SolutionConfigurationPlatforms) = preSolution
		Debug|Any CPU = Debug|Any CPU
		Debug|x64 = Debug|x64
		Release|Any CPU = Release|Any CPU
		Release|x64 = Release|x64
	EndGlobalSection
	GlobalSection(ProjectConfigurationPlatforms) = postSolution
		{13C812E9-0D42-4B95-8646-40EEBF30636F}.Debug|Any CPU.ActiveCfg = Debug|x64
		{13C812E9-0D42-4B95-8646-40EEBF30636F}.Debug|Any CPU.Build.0 = Debug|x64
		{13C812E9-0D42-4B95-8646-40EEBF30636F}.Debug|x64.ActiveCfg = Debug|x64
		{13C812E9-0D42-4B95-8646-40EEBF30636F}.Debug|x64.Build.0 = Debug|x64
		{13C812E9-0D42-4B95-8646-40EEBF30636F}.Release|Any CPU.ActiveCfg = Release|x64
		{13C812E9-0D42-4B95-8646-40EEBF30636F}.Release|Any CPU.Build.0 = Release|x64
		{13C812E9-0D42-4B95-8646-40EEBF30636F}.Release|x64.ActiveCfg = Release|x64
		{13C812E9-0D42-4B95-8646-40EEBF30636F}.Release|x64.Build.0 = Release|x64
		{28D96A4B-32BF-47A8-8FA2-00982009AB4A}.Debug|Any CPU.ActiveCfg = Release|Any CPU
		{28D96A4B-32BF-47A8-8FA2-00982009AB4A}.Debug|Any CPU.Build.0 = Release|Any CPU
		{28D96A4B-32BF-47A8-8FA2-00982009AB4A}.Debug|x64.ActiveCfg = Release|Any CPU
		{28D96A4B-32BF-47A8-8FA2-00982009AB4A}.Debug|x64.Build.0 = Release|Any CPU
		{28D96A4B-32BF-47A8-8FA2-00982009AB4A}.Release|Any CPU.ActiveCfg = Release|Any CPU
		{28D96A4B-32BF-47A8-8FA2-00982009AB4A}.Release|Any CPU.Build.0 = Release|Any CPU
		{28D96A4B-32BF-47A8-8FA2-00982009AB4A}.Release|x64.ActiveCfg = Release|Any CPU
		{28D96A4B-32BF-47A8-8FA2-00982009AB4A}.Release|x64.Build.0 = Release|Any CPU
		{CF88C824-C1FD-41F8-AF70-1CB499167F85}.Debug|Any CPU.ActiveCfg = Release|Any CPU
		{CF88C824-C1FD-41F8-AF70-1CB499167F85}.Debug|Any CPU.Build.0 = Release|Any CPU
		{CF88C824-C1FD-41F8-AF70-1CB499167F85}.Debug|x64.ActiveCfg = Release|Any CPU
		{CF88C824-C1FD-41F8-AF70-1CB499167F85}.Debug|x64.Build.0 = Release|Any CPU
		{CF88C824-C1FD-41F8-AF70-1CB499167F85}.Release|Any CPU.ActiveCfg = Release|Any CPU
		{CF88C824-C1FD-41F8-AF70-1CB499167F85}.Release|Any CPU.Build.0 = Release|Any CPU
		{CF88C824-C1FD-41F8-AF70-1CB499167F85}.Release|x64.ActiveCfg = Release|Any CPU
		{CF88C824-C1FD-41F8-AF70-1CB499167F85}.Release|x64.Build.0 = Release|Any CPU
	EndGlobalSection
	GlobalSection(SolutionProperties) = preSolution
		HideSolutionNode = FALSE
	EndGlobalSection
	GlobalSection(ExtensibilityGlobals) = postSolution
		SolutionGuid = {B17E85B1-5F60-4440-9F9A-3DDE877E8CDF}
	EndGlobalSection
EndGlobal
