
Microsoft Visual Studio Solution File, Format Version 12.00
# Visual Studio Version 17
VisualStudioVersion = 17.4.33213.308
MinimumVisualStudioVersion = 10.0.40219.1
Project("{9A19103F-16F7-4668-BE54-9A1E7A4F7556}") = "BetterMinionRoulette", "BetterMinionRoulette.csproj", "{13C812E9-0D42-4B95-8646-40EEBF30636F}"
	ProjectSection(ProjectDependencies) = postProject
		{07D2B472-3CC9-438D-A4DA-B4DAAA2991F0} = {07D2B472-3CC9-438D-A4DA-B4DAAA2991F0}
		{52E448F6-C19F-40E8-8C48-6F68AFA27BB5} = {52E448F6-C19F-40E8-8C48-6F68AFA27BB5}
	EndProjectSection
EndProject
Project("{9A19103F-16F7-4668-BE54-9A1E7A4F7556}") = "FFXIVClientStructs", "lib\FFXIVClientStructs\FFXIVClientStructs\FFXIVClientStructs.csproj", "{52E448F6-C19F-40E8-8C48-6F68AFA27BB5}"
EndProject
Project("{9A19103F-16F7-4668-BE54-9A1E7A4F7556}") = "FFXIVClientStructs.InteropSourceGenerators", "lib\FFXIVClientStructs\FFXIVClientStructs.InteropSourceGenerators\FFXIVClientStructs.InteropSourceGenerators.csproj", "{07D2B472-3CC9-438D-A4DA-B4DAAA2991F0}"
EndProject
Project("{9A19103F-16F7-4668-BE54-9A1E7A4F7556}") = "FFXIVClientStructs.ResolverTester", "lib\FFXIVClientStructs\FFXIVClientStructs.ResolverTester\FFXIVClientStructs.ResolverTester.csproj", "{9611053C-D1ED-4072-A24D-95C284B3AC59}"
EndProject
Project("{9A19103F-16F7-4668-BE54-9A1E7A4F7556}") = "CExporter", "lib\FFXIVClientStructs\ida\CExporter\CExporter.csproj", "{C204099B-4058-4FCE-A0EC-60DE4ACB1DF9}"
EndProject
Global
	GlobalSection(SolutionConfigurationPlatforms) = preSolution
		Debug|Any CPU = Debug|Any CPU
		Debug|x64 = Debug|x64
		Release|Any CPU = Release|Any CPU
		Release|x64 = Release|x64
	EndGlobalSection
	GlobalSection(ProjectConfigurationPlatforms) = postSolution
		{13C812E9-0D42-4B95-8646-40EEBF30636F}.Debug|Any CPU.ActiveCfg = Debug|x64
		{13C812E9-0D42-4B95-8646-40EEBF30636F}.Debug|Any CPU.Build.0 = Debug|x64
		{13C812E9-0D42-4B95-8646-40EEBF30636F}.Debug|x64.ActiveCfg = Debug|x64
		{13C812E9-0D42-4B95-8646-40EEBF30636F}.Debug|x64.Build.0 = Debug|x64
		{13C812E9-0D42-4B95-8646-40EEBF30636F}.Release|Any CPU.ActiveCfg = Release|x64
		{13C812E9-0D42-4B95-8646-40EEBF30636F}.Release|Any CPU.Build.0 = Release|x64
		{13C812E9-0D42-4B95-8646-40EEBF30636F}.Release|x64.ActiveCfg = Release|x64
		{13C812E9-0D42-4B95-8646-40EEBF30636F}.Release|x64.Build.0 = Release|x64
		{52E448F6-C19F-40E8-8C48-6F68AFA27BB5}.Debug|Any CPU.ActiveCfg = Debug|Any CPU
		{52E448F6-C19F-40E8-8C48-6F68AFA27BB5}.Debug|Any CPU.Build.0 = Debug|Any CPU
		{52E448F6-C19F-40E8-8C48-6F68AFA27BB5}.Debug|x64.ActiveCfg = Debug|Any CPU
		{52E448F6-C19F-40E8-8C48-6F68AFA27BB5}.Debug|x64.Build.0 = Debug|Any CPU
		{52E448F6-C19F-40E8-8C48-6F68AFA27BB5}.Release|Any CPU.ActiveCfg = Release|Any CPU
		{52E448F6-C19F-40E8-8C48-6F68AFA27BB5}.Release|Any CPU.Build.0 = Release|Any CPU
		{52E448F6-C19F-40E8-8C48-6F68AFA27BB5}.Release|x64.ActiveCfg = Release|Any CPU
		{52E448F6-C19F-40E8-8C48-6F68AFA27BB5}.Release|x64.Build.0 = Release|Any CPU
		{07D2B472-3CC9-438D-A4DA-B4DAAA2991F0}.Debug|Any CPU.ActiveCfg = Debug|Any CPU
		{07D2B472-3CC9-438D-A4DA-B4DAAA2991F0}.Debug|Any CPU.Build.0 = Debug|Any CPU
		{07D2B472-3CC9-438D-A4DA-B4DAAA2991F0}.Debug|x64.ActiveCfg = Debug|Any CPU
		{07D2B472-3CC9-438D-A4DA-B4DAAA2991F0}.Debug|x64.Build.0 = Debug|Any CPU
		{07D2B472-3CC9-438D-A4DA-B4DAAA2991F0}.Release|Any CPU.ActiveCfg = Release|Any CPU
		{07D2B472-3CC9-438D-A4DA-B4DAAA2991F0}.Release|Any CPU.Build.0 = Release|Any CPU
		{07D2B472-3CC9-438D-A4DA-B4DAAA2991F0}.Release|x64.ActiveCfg = Release|Any CPU
		{07D2B472-3CC9-438D-A4DA-B4DAAA2991F0}.Release|x64.Build.0 = Release|Any CPU
		{9611053C-D1ED-4072-A24D-95C284B3AC59}.Debug|Any CPU.ActiveCfg = Debug|Any CPU
		{9611053C-D1ED-4072-A24D-95C284B3AC59}.Debug|Any CPU.Build.0 = Debug|Any CPU
		{9611053C-D1ED-4072-A24D-95C284B3AC59}.Debug|x64.ActiveCfg = Debug|Any CPU
		{9611053C-D1ED-4072-A24D-95C284B3AC59}.Debug|x64.Build.0 = Debug|Any CPU
		{9611053C-D1ED-4072-A24D-95C284B3AC59}.Release|Any CPU.ActiveCfg = Release|Any CPU
		{9611053C-D1ED-4072-A24D-95C284B3AC59}.Release|Any CPU.Build.0 = Release|Any CPU
		{9611053C-D1ED-4072-A24D-95C284B3AC59}.Release|x64.ActiveCfg = Release|Any CPU
		{9611053C-D1ED-4072-A24D-95C284B3AC59}.Release|x64.Build.0 = Release|Any CPU
		{C204099B-4058-4FCE-A0EC-60DE4ACB1DF9}.Debug|Any CPU.ActiveCfg = Debug|Any CPU
		{C204099B-4058-4FCE-A0EC-60DE4ACB1DF9}.Debug|Any CPU.Build.0 = Debug|Any CPU
		{C204099B-4058-4FCE-A0EC-60DE4ACB1DF9}.Debug|x64.ActiveCfg = Debug|Any CPU
		{C204099B-4058-4FCE-A0EC-60DE4ACB1DF9}.Debug|x64.Build.0 = Debug|Any CPU
		{C204099B-4058-4FCE-A0EC-60DE4ACB1DF9}.Release|Any CPU.ActiveCfg = Release|Any CPU
		{C204099B-4058-4FCE-A0EC-60DE4ACB1DF9}.Release|Any CPU.Build.0 = Release|Any CPU
		{C204099B-4058-4FCE-A0EC-60DE4ACB1DF9}.Release|x64.ActiveCfg = Release|Any CPU
		{C204099B-4058-4FCE-A0EC-60DE4ACB1DF9}.Release|x64.Build.0 = Release|Any CPU
	EndGlobalSection
	GlobalSection(SolutionProperties) = preSolution
		HideSolutionNode = FALSE
	EndGlobalSection
	GlobalSection(ExtensibilityGlobals) = postSolution
		SolutionGuid = {B17E85B1-5F60-4440-9F9A-3DDE877E8CDF}
	EndGlobalSection
EndGlobal
